// !$*UTF8*$!
{
	archiveVersion = 1;
	classes = {
	};
	objectVersion = 46;
	objects = {

/* Begin PBXBuildFile section */
		843863F91F601937000D8749 /* LineCenterViewController.m in Sources */ = {isa = PBXBuildFile; fileRef = 843863F01F601937000D8749 /* LineCenterViewController.m */; };
		843863FA1F601937000D8749 /* LineNormalViewController.m in Sources */ = {isa = PBXBuildFile; fileRef = 843863F21F601937000D8749 /* LineNormalViewController.m */; };
		843863FB1F601938000D8749 /* LineViewAndProgressViewController.m in Sources */ = {isa = PBXBuildFile; fileRef = 843863F41F601937000D8749 /* LineViewAndProgressViewController.m */; };
		843863FC1F601938000D8749 /* PieChartViewController.m in Sources */ = {isa = PBXBuildFile; fileRef = 843863F61F601937000D8749 /* PieChartViewController.m */; };
		843863FD1F601938000D8749 /* ProgressViewController.m in Sources */ = {isa = PBXBuildFile; fileRef = 843863F81F601937000D8749 /* ProgressViewController.m */; };
		847F9CCE1F5A9EF90015FBC8 /* main.m in Sources */ = {isa = PBXBuildFile; fileRef = 847F9CCD1F5A9EF90015FBC8 /* main.m */; };
		847F9CD11F5A9EF90015FBC8 /* AppDelegate.m in Sources */ = {isa = PBXBuildFile; fileRef = 847F9CD01F5A9EF90015FBC8 /* AppDelegate.m */; };
		847F9CD41F5A9EF90015FBC8 /* ViewController.m in Sources */ = {isa = PBXBuildFile; fileRef = 847F9CD31F5A9EF90015FBC8 /* ViewController.m */; };
		847F9CD71F5A9EF90015FBC8 /* Main.storyboard in Resources */ = {isa = PBXBuildFile; fileRef = 847F9CD51F5A9EF90015FBC8 /* Main.storyboard */; };
		847F9CD91F5A9EF90015FBC8 /* Assets.xcassets in Resources */ = {isa = PBXBuildFile; fileRef = 847F9CD81F5A9EF90015FBC8 /* Assets.xcassets */; };
		847F9CDC1F5A9EF90015FBC8 /* LaunchScreen.storyboard in Resources */ = {isa = PBXBuildFile; fileRef = 847F9CDA1F5A9EF90015FBC8 /* LaunchScreen.storyboard */; };
		847F9D101F5AA08E0015FBC8 /* ECBarCollectionView.m in Sources */ = {isa = PBXBuildFile; fileRef = 847F9CE61F5AA08E0015FBC8 /* ECBarCollectionView.m */; };
		847F9D111F5AA08E0015FBC8 /* ECBarCollectionViewCell.m in Sources */ = {isa = PBXBuildFile; fileRef = 847F9CE81F5AA08E0015FBC8 /* ECBarCollectionViewCell.m */; };
		847F9D121F5AA08E0015FBC8 /* ECBrokenLineCenterBackgroundView.m in Sources */ = {isa = PBXBuildFile; fileRef = 847F9CEB1F5AA08E0015FBC8 /* ECBrokenLineCenterBackgroundView.m */; };
		847F9D131F5AA08E0015FBC8 /* ECBrokenLineCenterCollectionView.m in Sources */ = {isa = PBXBuildFile; fileRef = 847F9CED1F5AA08E0015FBC8 /* ECBrokenLineCenterCollectionView.m */; };
		847F9D141F5AA08E0015FBC8 /* ECBrokenLineCircleLayer.m in Sources */ = {isa = PBXBuildFile; fileRef = 847F9CEF1F5AA08E0015FBC8 /* ECBrokenLineCircleLayer.m */; };
		847F9D151F5AA08E0015FBC8 /* ECBrokenLineCollectionView.m in Sources */ = {isa = PBXBuildFile; fileRef = 847F9CF11F5AA08E0015FBC8 /* ECBrokenLineCollectionView.m */; };
		847F9D161F5AA08E0015FBC8 /* ECBrokenLineCollectionViewCell.m in Sources */ = {isa = PBXBuildFile; fileRef = 847F9CF31F5AA08E0015FBC8 /* ECBrokenLineCollectionViewCell.m */; };
		847F9D181F5AA08E0015FBC8 /* ECBrokenLineConfig.m in Sources */ = {isa = PBXBuildFile; fileRef = 847F9CF71F5AA08E0015FBC8 /* ECBrokenLineConfig.m */; };
		847F9D191F5AA08E0015FBC8 /* ECBrokenLineNormalBackgroundView.m in Sources */ = {isa = PBXBuildFile; fileRef = 847F9CF91F5AA08E0015FBC8 /* ECBrokenLineNormalBackgroundView.m */; };
		847F9D1A1F5AA08E0015FBC8 /* ECBrokenLineNormalCollectionView.m in Sources */ = {isa = PBXBuildFile; fileRef = 847F9CFB1F5AA08E0015FBC8 /* ECBrokenLineNormalCollectionView.m */; };
		847F9D1B1F5AA08E0015FBC8 /* ECBrokenLinePointModel.m in Sources */ = {isa = PBXBuildFile; fileRef = 847F9CFD1F5AA08E0015FBC8 /* ECBrokenLinePointModel.m */; };
		847F9D1C1F5AA08E0015FBC8 /* ECBrokenLineView.m in Sources */ = {isa = PBXBuildFile; fileRef = 847F9D001F5AA08E0015FBC8 /* ECBrokenLineView.m */; };
		847F9D1D1F5AA08E0015FBC8 /* ECPieChartCoreView.m in Sources */ = {isa = PBXBuildFile; fileRef = 847F9D061F5AA08E0015FBC8 /* ECPieChartCoreView.m */; };
		847F9D1E1F5AA08E0015FBC8 /* ECPieChartLineView.m in Sources */ = {isa = PBXBuildFile; fileRef = 847F9D081F5AA08E0015FBC8 /* ECPieChartLineView.m */; };
		847F9D1F1F5AA08E0015FBC8 /* ECPieChartModel.m in Sources */ = {isa = PBXBuildFile; fileRef = 847F9D0A1F5AA08E0015FBC8 /* ECPieChartModel.m */; };
		847F9D201F5AA08E0015FBC8 /* ECPieChartView.m in Sources */ = {isa = PBXBuildFile; fileRef = 847F9D0C1F5AA08E0015FBC8 /* ECPieChartView.m */; };
		847F9D211F5AA08E0015FBC8 /* ECProgressChartView.m in Sources */ = {isa = PBXBuildFile; fileRef = 847F9D0F1F5AA08E0015FBC8 /* ECProgressChartView.m */; };
		847F9D4B1F5C04060015FBC8 /* EasyChartsBundle.bundle in Resources */ = {isa = PBXBuildFile; fileRef = 847F9D4A1F5C04060015FBC8 /* EasyChartsBundle.bundle */; };
		84D3233E1F6296EA009A0A67 /* BarChartViewController.m in Sources */ = {isa = PBXBuildFile; fileRef = 84D3233D1F6296EA009A0A67 /* BarChartViewController.m */; };
		84D323411F629852009A0A67 /* ECBarChartView.m in Sources */ = {isa = PBXBuildFile; fileRef = 84D323401F629852009A0A67 /* ECBarChartView.m */; };
/* End PBXBuildFile section */

/* Begin PBXFileReference section */
		843863EF1F601937000D8749 /* LineCenterViewController.h */ = {isa = PBXFileReference; fileEncoding = 4; lastKnownFileType = sourcecode.c.h; path = LineCenterViewController.h; sourceTree = "<group>"; };
		843863F01F601937000D8749 /* LineCenterViewController.m */ = {isa = PBXFileReference; fileEncoding = 4; lastKnownFileType = sourcecode.c.objc; path = LineCenterViewController.m; sourceTree = "<group>"; };
		843863F11F601937000D8749 /* LineNormalViewController.h */ = {isa = PBXFileReference; fileEncoding = 4; lastKnownFileType = sourcecode.c.h; path = LineNormalViewController.h; sourceTree = "<group>"; };
		843863F21F601937000D8749 /* LineNormalViewController.m */ = {isa = PBXFileReference; fileEncoding = 4; lastKnownFileType = sourcecode.c.objc; path = LineNormalViewController.m; sourceTree = "<group>"; };
		843863F31F601937000D8749 /* LineViewAndProgressViewController.h */ = {isa = PBXFileReference; fileEncoding = 4; lastKnownFileType = sourcecode.c.h; path = LineViewAndProgressViewController.h; sourceTree = "<group>"; };
		843863F41F601937000D8749 /* LineViewAndProgressViewController.m */ = {isa = PBXFileReference; fileEncoding = 4; lastKnownFileType = sourcecode.c.objc; path = LineViewAndProgressViewController.m; sourceTree = "<group>"; };
		843863F51F601937000D8749 /* PieChartViewController.h */ = {isa = PBXFileReference; fileEncoding = 4; lastKnownFileType = sourcecode.c.h; path = PieChartViewController.h; sourceTree = "<group>"; };
		843863F61F601937000D8749 /* PieChartViewController.m */ = {isa = PBXFileReference; fileEncoding = 4; lastKnownFileType = sourcecode.c.objc; path = PieChartViewController.m; sourceTree = "<group>"; };
		843863F71F601937000D8749 /* ProgressViewController.h */ = {isa = PBXFileReference; fileEncoding = 4; lastKnownFileType = sourcecode.c.h; path = ProgressViewController.h; sourceTree = "<group>"; };
		843863F81F601937000D8749 /* ProgressViewController.m */ = {isa = PBXFileReference; fileEncoding = 4; lastKnownFileType = sourcecode.c.objc; path = ProgressViewController.m; sourceTree = "<group>"; };
		847F9CC91F5A9EF90015FBC8 /* Examples.app */ = {isa = PBXFileReference; explicitFileType = wrapper.application; includeInIndex = 0; path = Examples.app; sourceTree = BUILT_PRODUCTS_DIR; };
		847F9CCD1F5A9EF90015FBC8 /* main.m */ = {isa = PBXFileReference; lastKnownFileType = sourcecode.c.objc; path = main.m; sourceTree = "<group>"; };
		847F9CCF1F5A9EF90015FBC8 /* AppDelegate.h */ = {isa = PBXFileReference; lastKnownFileType = sourcecode.c.h; path = AppDelegate.h; sourceTree = "<group>"; };
		847F9CD01F5A9EF90015FBC8 /* AppDelegate.m */ = {isa = PBXFileReference; lastKnownFileType = sourcecode.c.objc; path = AppDelegate.m; sourceTree = "<group>"; };
		847F9CD21F5A9EF90015FBC8 /* ViewController.h */ = {isa = PBXFileReference; lastKnownFileType = sourcecode.c.h; path = ViewController.h; sourceTree = "<group>"; };
		847F9CD31F5A9EF90015FBC8 /* ViewController.m */ = {isa = PBXFileReference; lastKnownFileType = sourcecode.c.objc; path = ViewController.m; sourceTree = "<group>"; };
		847F9CD61F5A9EF90015FBC8 /* Base */ = {isa = PBXFileReference; lastKnownFileType = file.storyboard; name = Base; path = Base.lproj/Main.storyboard; sourceTree = "<group>"; };
		847F9CD81F5A9EF90015FBC8 /* Assets.xcassets */ = {isa = PBXFileReference; lastKnownFileType = folder.assetcatalog; path = Assets.xcassets; sourceTree = "<group>"; };
		847F9CDB1F5A9EF90015FBC8 /* Base */ = {isa = PBXFileReference; lastKnownFileType = file.storyboard; name = Base; path = Base.lproj/LaunchScreen.storyboard; sourceTree = "<group>"; };
		847F9CDD1F5A9EF90015FBC8 /* Info.plist */ = {isa = PBXFileReference; lastKnownFileType = text.plist.xml; path = Info.plist; sourceTree = "<group>"; };
		847F9CE51F5AA08E0015FBC8 /* ECBarCollectionView.h */ = {isa = PBXFileReference; fileEncoding = 4; lastKnownFileType = sourcecode.c.h; path = ECBarCollectionView.h; sourceTree = "<group>"; };
		847F9CE61F5AA08E0015FBC8 /* ECBarCollectionView.m */ = {isa = PBXFileReference; fileEncoding = 4; lastKnownFileType = sourcecode.c.objc; path = ECBarCollectionView.m; sourceTree = "<group>"; };
		847F9CE71F5AA08E0015FBC8 /* ECBarCollectionViewCell.h */ = {isa = PBXFileReference; fileEncoding = 4; lastKnownFileType = sourcecode.c.h; path = ECBarCollectionViewCell.h; sourceTree = "<group>"; };
		847F9CE81F5AA08E0015FBC8 /* ECBarCollectionViewCell.m */ = {isa = PBXFileReference; fileEncoding = 4; lastKnownFileType = sourcecode.c.objc; path = ECBarCollectionViewCell.m; sourceTree = "<group>"; };
		847F9CEA1F5AA08E0015FBC8 /* ECBrokenLineCenterBackgroundView.h */ = {isa = PBXFileReference; fileEncoding = 4; lastKnownFileType = sourcecode.c.h; path = ECBrokenLineCenterBackgroundView.h; sourceTree = "<group>"; };
		847F9CEB1F5AA08E0015FBC8 /* ECBrokenLineCenterBackgroundView.m */ = {isa = PBXFileReference; fileEncoding = 4; lastKnownFileType = sourcecode.c.objc; path = ECBrokenLineCenterBackgroundView.m; sourceTree = "<group>"; };
		847F9CEC1F5AA08E0015FBC8 /* ECBrokenLineCenterCollectionView.h */ = {isa = PBXFileReference; fileEncoding = 4; lastKnownFileType = sourcecode.c.h; path = ECBrokenLineCenterCollectionView.h; sourceTree = "<group>"; };
		847F9CED1F5AA08E0015FBC8 /* ECBrokenLineCenterCollectionView.m */ = {isa = PBXFileReference; fileEncoding = 4; lastKnownFileType = sourcecode.c.objc; path = ECBrokenLineCenterCollectionView.m; sourceTree = "<group>"; };
		847F9CEE1F5AA08E0015FBC8 /* ECBrokenLineCircleLayer.h */ = {isa = PBXFileReference; fileEncoding = 4; lastKnownFileType = sourcecode.c.h; path = ECBrokenLineCircleLayer.h; sourceTree = "<group>"; };
		847F9CEF1F5AA08E0015FBC8 /* ECBrokenLineCircleLayer.m */ = {isa = PBXFileReference; fileEncoding = 4; lastKnownFileType = sourcecode.c.objc; path = ECBrokenLineCircleLayer.m; sourceTree = "<group>"; };
		847F9CF01F5AA08E0015FBC8 /* ECBrokenLineCollectionView.h */ = {isa = PBXFileReference; fileEncoding = 4; lastKnownFileType = sourcecode.c.h; path = ECBrokenLineCollectionView.h; sourceTree = "<group>"; };
		847F9CF11F5AA08E0015FBC8 /* ECBrokenLineCollectionView.m */ = {isa = PBXFileReference; fileEncoding = 4; lastKnownFileType = sourcecode.c.objc; path = ECBrokenLineCollectionView.m; sourceTree = "<group>"; };
		847F9CF21F5AA08E0015FBC8 /* ECBrokenLineCollectionViewCell.h */ = {isa = PBXFileReference; fileEncoding = 4; lastKnownFileType = sourcecode.c.h; path = ECBrokenLineCollectionViewCell.h; sourceTree = "<group>"; };
		847F9CF31F5AA08E0015FBC8 /* ECBrokenLineCollectionViewCell.m */ = {isa = PBXFileReference; fileEncoding = 4; lastKnownFileType = sourcecode.c.objc; path = ECBrokenLineCollectionViewCell.m; sourceTree = "<group>"; };
		847F9CF61F5AA08E0015FBC8 /* ECBrokenLineConfig.h */ = {isa = PBXFileReference; fileEncoding = 4; lastKnownFileType = sourcecode.c.h; path = ECBrokenLineConfig.h; sourceTree = "<group>"; };
		847F9CF71F5AA08E0015FBC8 /* ECBrokenLineConfig.m */ = {isa = PBXFileReference; fileEncoding = 4; lastKnownFileType = sourcecode.c.objc; path = ECBrokenLineConfig.m; sourceTree = "<group>"; };
		847F9CF81F5AA08E0015FBC8 /* ECBrokenLineNormalBackgroundView.h */ = {isa = PBXFileReference; fileEncoding = 4; lastKnownFileType = sourcecode.c.h; path = ECBrokenLineNormalBackgroundView.h; sourceTree = "<group>"; };
		847F9CF91F5AA08E0015FBC8 /* ECBrokenLineNormalBackgroundView.m */ = {isa = PBXFileReference; fileEncoding = 4; lastKnownFileType = sourcecode.c.objc; path = ECBrokenLineNormalBackgroundView.m; sourceTree = "<group>"; };
		847F9CFA1F5AA08E0015FBC8 /* ECBrokenLineNormalCollectionView.h */ = {isa = PBXFileReference; fileEncoding = 4; lastKnownFileType = sourcecode.c.h; path = ECBrokenLineNormalCollectionView.h; sourceTree = "<group>"; };
		847F9CFB1F5AA08E0015FBC8 /* ECBrokenLineNormalCollectionView.m */ = {isa = PBXFileReference; fileEncoding = 4; lastKnownFileType = sourcecode.c.objc; path = ECBrokenLineNormalCollectionView.m; sourceTree = "<group>"; };
		847F9CFC1F5AA08E0015FBC8 /* ECBrokenLinePointModel.h */ = {isa = PBXFileReference; fileEncoding = 4; lastKnownFileType = sourcecode.c.h; path = ECBrokenLinePointModel.h; sourceTree = "<group>"; };
		847F9CFD1F5AA08E0015FBC8 /* ECBrokenLinePointModel.m */ = {isa = PBXFileReference; fileEncoding = 4; lastKnownFileType = sourcecode.c.objc; path = ECBrokenLinePointModel.m; sourceTree = "<group>"; };
		847F9CFF1F5AA08E0015FBC8 /* ECBrokenLineView.h */ = {isa = PBXFileReference; fileEncoding = 4; lastKnownFileType = sourcecode.c.h; path = ECBrokenLineView.h; sourceTree = "<group>"; };
		847F9D001F5AA08E0015FBC8 /* ECBrokenLineView.m */ = {isa = PBXFileReference; fileEncoding = 4; lastKnownFileType = sourcecode.c.objc; path = ECBrokenLineView.m; sourceTree = "<group>"; };
		847F9D021F5AA08E0015FBC8 /* ECCommon.h */ = {isa = PBXFileReference; fileEncoding = 4; lastKnownFileType = sourcecode.c.h; path = ECCommon.h; sourceTree = "<group>"; };
		847F9D031F5AA08E0015FBC8 /* EasyCharts.h */ = {isa = PBXFileReference; fileEncoding = 4; lastKnownFileType = sourcecode.c.h; path = EasyCharts.h; sourceTree = "<group>"; };
		847F9D051F5AA08E0015FBC8 /* ECPieChartCoreView.h */ = {isa = PBXFileReference; fileEncoding = 4; lastKnownFileType = sourcecode.c.h; path = ECPieChartCoreView.h; sourceTree = "<group>"; };
		847F9D061F5AA08E0015FBC8 /* ECPieChartCoreView.m */ = {isa = PBXFileReference; fileEncoding = 4; lastKnownFileType = sourcecode.c.objc; path = ECPieChartCoreView.m; sourceTree = "<group>"; };
		847F9D071F5AA08E0015FBC8 /* ECPieChartLineView.h */ = {isa = PBXFileReference; fileEncoding = 4; lastKnownFileType = sourcecode.c.h; path = ECPieChartLineView.h; sourceTree = "<group>"; };
		847F9D081F5AA08E0015FBC8 /* ECPieChartLineView.m */ = {isa = PBXFileReference; fileEncoding = 4; lastKnownFileType = sourcecode.c.objc; path = ECPieChartLineView.m; sourceTree = "<group>"; };
		847F9D091F5AA08E0015FBC8 /* ECPieChartModel.h */ = {isa = PBXFileReference; fileEncoding = 4; lastKnownFileType = sourcecode.c.h; path = ECPieChartModel.h; sourceTree = "<group>"; };
		847F9D0A1F5AA08E0015FBC8 /* ECPieChartModel.m */ = {isa = PBXFileReference; fileEncoding = 4; lastKnownFileType = sourcecode.c.objc; path = ECPieChartModel.m; sourceTree = "<group>"; };
		847F9D0B1F5AA08E0015FBC8 /* ECPieChartView.h */ = {isa = PBXFileReference; fileEncoding = 4; lastKnownFileType = sourcecode.c.h; path = ECPieChartView.h; sourceTree = "<group>"; };
		847F9D0C1F5AA08E0015FBC8 /* ECPieChartView.m */ = {isa = PBXFileReference; fileEncoding = 4; lastKnownFileType = sourcecode.c.objc; path = ECPieChartView.m; sourceTree = "<group>"; };
		847F9D0E1F5AA08E0015FBC8 /* ECProgressChartView.h */ = {isa = PBXFileReference; fileEncoding = 4; lastKnownFileType = sourcecode.c.h; path = ECProgressChartView.h; sourceTree = "<group>"; };
		847F9D0F1F5AA08E0015FBC8 /* ECProgressChartView.m */ = {isa = PBXFileReference; fileEncoding = 4; lastKnownFileType = sourcecode.c.objc; path = ECProgressChartView.m; sourceTree = "<group>"; };
		847F9D4A1F5C04060015FBC8 /* EasyChartsBundle.bundle */ = {isa = PBXFileReference; lastKnownFileType = "wrapper.plug-in"; path = EasyChartsBundle.bundle; sourceTree = "<group>"; };
		84D3233C1F6296EA009A0A67 /* BarChartViewController.h */ = {isa = PBXFileReference; fileEncoding = 4; lastKnownFileType = sourcecode.c.h; path = BarChartViewController.h; sourceTree = "<group>"; };
		84D3233D1F6296EA009A0A67 /* BarChartViewController.m */ = {isa = PBXFileReference; fileEncoding = 4; lastKnownFileType = sourcecode.c.objc; path = BarChartViewController.m; sourceTree = "<group>"; };
		84D3233F1F629852009A0A67 /* ECBarChartView.h */ = {isa = PBXFileReference; fileEncoding = 4; lastKnownFileType = sourcecode.c.h; path = ECBarChartView.h; sourceTree = "<group>"; };
		84D323401F629852009A0A67 /* ECBarChartView.m */ = {isa = PBXFileReference; fileEncoding = 4; lastKnownFileType = sourcecode.c.objc; path = ECBarChartView.m; sourceTree = "<group>"; };
/* End PBXFileReference section */

/* Begin PBXFrameworksBuildPhase section */
		847F9CC61F5A9EF90015FBC8 /* Frameworks */ = {
			isa = PBXFrameworksBuildPhase;
			buildActionMask = 2147483647;
			files = (
			);
			runOnlyForDeploymentPostprocessing = 0;
		};
/* End PBXFrameworksBuildPhase section */

/* Begin PBXGroup section */
		843863EE1F601937000D8749 /* ExamplesController */ = {
			isa = PBXGroup;
			children = (
				843863EF1F601937000D8749 /* LineCenterViewController.h */,
				843863F01F601937000D8749 /* LineCenterViewController.m */,
				843863F11F601937000D8749 /* LineNormalViewController.h */,
				843863F21F601937000D8749 /* LineNormalViewController.m */,
				843863F31F601937000D8749 /* LineViewAndProgressViewController.h */,
				843863F41F601937000D8749 /* LineViewAndProgressViewController.m */,
				843863F51F601937000D8749 /* PieChartViewController.h */,
				843863F61F601937000D8749 /* PieChartViewController.m */,
				843863F71F601937000D8749 /* ProgressViewController.h */,
				843863F81F601937000D8749 /* ProgressViewController.m */,
				84D3233C1F6296EA009A0A67 /* BarChartViewController.h */,
				84D3233D1F6296EA009A0A67 /* BarChartViewController.m */,
			);
			path = ExamplesController;
			sourceTree = "<group>";
		};
		847F9CC01F5A9EF90015FBC8 = {
			isa = PBXGroup;
			children = (
				843863EE1F601937000D8749 /* ExamplesController */,
				847F9CE31F5AA08E0015FBC8 /* EasyCharts */,
				847F9CCB1F5A9EF90015FBC8 /* Examples */,
				847F9CCA1F5A9EF90015FBC8 /* Products */,
			);
			sourceTree = "<group>";
		};
		847F9CCA1F5A9EF90015FBC8 /* Products */ = {
			isa = PBXGroup;
			children = (
				847F9CC91F5A9EF90015FBC8 /* Examples.app */,
			);
			name = Products;
			sourceTree = "<group>";
		};
		847F9CCB1F5A9EF90015FBC8 /* Examples */ = {
			isa = PBXGroup;
			children = (
				847F9CCF1F5A9EF90015FBC8 /* AppDelegate.h */,
				847F9CD01F5A9EF90015FBC8 /* AppDelegate.m */,
				847F9CD21F5A9EF90015FBC8 /* ViewController.h */,
				847F9CD31F5A9EF90015FBC8 /* ViewController.m */,
				847F9CD51F5A9EF90015FBC8 /* Main.storyboard */,
				847F9CD81F5A9EF90015FBC8 /* Assets.xcassets */,
				847F9CDA1F5A9EF90015FBC8 /* LaunchScreen.storyboard */,
				847F9CDD1F5A9EF90015FBC8 /* Info.plist */,
				847F9CCC1F5A9EF90015FBC8 /* Supporting Files */,
			);
			path = Examples;
			sourceTree = "<group>";
		};
		847F9CCC1F5A9EF90015FBC8 /* Supporting Files */ = {
			isa = PBXGroup;
			children = (
				847F9CCD1F5A9EF90015FBC8 /* main.m */,
			);
			name = "Supporting Files";
			sourceTree = "<group>";
		};
		847F9CE31F5AA08E0015FBC8 /* EasyCharts */ = {
			isa = PBXGroup;
			children = (
				847F9CE41F5AA08E0015FBC8 /* BarGraph */,
				847F9CE91F5AA08E0015FBC8 /* BrokenLineChart */,
				847F9D011F5AA08E0015FBC8 /* Common */,
				847F9D031F5AA08E0015FBC8 /* EasyCharts.h */,
				847F9D041F5AA08E0015FBC8 /* PieChart */,
				847F9D0D1F5AA08E0015FBC8 /* ProgressView */,
			);
			path = EasyCharts;
			sourceTree = "<group>";
		};
		847F9CE41F5AA08E0015FBC8 /* BarGraph */ = {
			isa = PBXGroup;
			children = (
				847F9CE51F5AA08E0015FBC8 /* ECBarCollectionView.h */,
				847F9CE61F5AA08E0015FBC8 /* ECBarCollectionView.m */,
				847F9CE71F5AA08E0015FBC8 /* ECBarCollectionViewCell.h */,
				847F9CE81F5AA08E0015FBC8 /* ECBarCollectionViewCell.m */,
				84D3233F1F629852009A0A67 /* ECBarChartView.h */,
				84D323401F629852009A0A67 /* ECBarChartView.m */,
			);
			path = BarGraph;
			sourceTree = "<group>";
		};
		847F9CE91F5AA08E0015FBC8 /* BrokenLineChart */ = {
			isa = PBXGroup;
			children = (
				847F9CEA1F5AA08E0015FBC8 /* ECBrokenLineCenterBackgroundView.h */,
				847F9CEB1F5AA08E0015FBC8 /* ECBrokenLineCenterBackgroundView.m */,
				847F9CEC1F5AA08E0015FBC8 /* ECBrokenLineCenterCollectionView.h */,
				847F9CED1F5AA08E0015FBC8 /* ECBrokenLineCenterCollectionView.m */,
				847F9CEE1F5AA08E0015FBC8 /* ECBrokenLineCircleLayer.h */,
				847F9CEF1F5AA08E0015FBC8 /* ECBrokenLineCircleLayer.m */,
				847F9CF01F5AA08E0015FBC8 /* ECBrokenLineCollectionView.h */,
				847F9CF11F5AA08E0015FBC8 /* ECBrokenLineCollectionView.m */,
				847F9CF21F5AA08E0015FBC8 /* ECBrokenLineCollectionViewCell.h */,
				847F9CF31F5AA08E0015FBC8 /* ECBrokenLineCollectionViewCell.m */,
				847F9CF61F5AA08E0015FBC8 /* ECBrokenLineConfig.h */,
				847F9CF71F5AA08E0015FBC8 /* ECBrokenLineConfig.m */,
				847F9CF81F5AA08E0015FBC8 /* ECBrokenLineNormalBackgroundView.h */,
				847F9CF91F5AA08E0015FBC8 /* ECBrokenLineNormalBackgroundView.m */,
				847F9CFA1F5AA08E0015FBC8 /* ECBrokenLineNormalCollectionView.h */,
				847F9CFB1F5AA08E0015FBC8 /* ECBrokenLineNormalCollectionView.m */,
				847F9CFC1F5AA08E0015FBC8 /* ECBrokenLinePointModel.h */,
				847F9CFD1F5AA08E0015FBC8 /* ECBrokenLinePointModel.m */,
				847F9CFF1F5AA08E0015FBC8 /* ECBrokenLineView.h */,
				847F9D001F5AA08E0015FBC8 /* ECBrokenLineView.m */,
			);
			path = BrokenLineChart;
			sourceTree = "<group>";
		};
		847F9D011F5AA08E0015FBC8 /* Common */ = {
			isa = PBXGroup;
			children = (
				847F9D4A1F5C04060015FBC8 /* EasyChartsBundle.bundle */,
				847F9D021F5AA08E0015FBC8 /* ECCommon.h */,
			);
			path = Common;
			sourceTree = "<group>";
		};
		847F9D041F5AA08E0015FBC8 /* PieChart */ = {
			isa = PBXGroup;
			children = (
				847F9D051F5AA08E0015FBC8 /* ECPieChartCoreView.h */,
				847F9D061F5AA08E0015FBC8 /* ECPieChartCoreView.m */,
				847F9D071F5AA08E0015FBC8 /* ECPieChartLineView.h */,
				847F9D081F5AA08E0015FBC8 /* ECPieChartLineView.m */,
				847F9D091F5AA08E0015FBC8 /* ECPieChartModel.h */,
				847F9D0A1F5AA08E0015FBC8 /* ECPieChartModel.m */,
				847F9D0B1F5AA08E0015FBC8 /* ECPieChartView.h */,
				847F9D0C1F5AA08E0015FBC8 /* ECPieChartView.m */,
			);
			path = PieChart;
			sourceTree = "<group>";
		};
		847F9D0D1F5AA08E0015FBC8 /* ProgressView */ = {
			isa = PBXGroup;
			children = (
				847F9D0E1F5AA08E0015FBC8 /* ECProgressChartView.h */,
				847F9D0F1F5AA08E0015FBC8 /* ECProgressChartView.m */,
			);
			path = ProgressView;
			sourceTree = "<group>";
		};
/* End PBXGroup section */

/* Begin PBXNativeTarget section */
		847F9CC81F5A9EF90015FBC8 /* Examples */ = {
			isa = PBXNativeTarget;
			buildConfigurationList = 847F9CE01F5A9EF90015FBC8 /* Build configuration list for PBXNativeTarget "Examples" */;
			buildPhases = (
				847F9CC51F5A9EF90015FBC8 /* Sources */,
				847F9CC61F5A9EF90015FBC8 /* Frameworks */,
				847F9CC71F5A9EF90015FBC8 /* Resources */,
			);
			buildRules = (
			);
			dependencies = (
			);
			name = Examples;
			productName = Examples;
			productReference = 847F9CC91F5A9EF90015FBC8 /* Examples.app */;
			productType = "com.apple.product-type.application";
		};
/* End PBXNativeTarget section */

/* Begin PBXProject section */
		847F9CC11F5A9EF90015FBC8 /* Project object */ = {
			isa = PBXProject;
			attributes = {
				LastUpgradeCheck = 0830;
				ORGANIZATIONNAME = Global;
				TargetAttributes = {
					847F9CC81F5A9EF90015FBC8 = {
						CreatedOnToolsVersion = 8.3;
						ProvisioningStyle = Automatic;
					};
				};
			};
			buildConfigurationList = 847F9CC41F5A9EF90015FBC8 /* Build configuration list for PBXProject "Examples" */;
			compatibilityVersion = "Xcode 3.2";
			developmentRegion = English;
			hasScannedForEncodings = 0;
			knownRegions = (
				en,
				Base,
			);
			mainGroup = 847F9CC01F5A9EF90015FBC8;
			productRefGroup = 847F9CCA1F5A9EF90015FBC8 /* Products */;
			projectDirPath = "";
			projectRoot = "";
			targets = (
				847F9CC81F5A9EF90015FBC8 /* Examples */,
			);
		};
/* End PBXProject section */

/* Begin PBXResourcesBuildPhase section */
		847F9CC71F5A9EF90015FBC8 /* Resources */ = {
			isa = PBXResourcesBuildPhase;
			buildActionMask = 2147483647;
			files = (
				847F9D4B1F5C04060015FBC8 /* EasyChartsBundle.bundle in Resources */,
				847F9CDC1F5A9EF90015FBC8 /* LaunchScreen.storyboard in Resources */,
				847F9CD91F5A9EF90015FBC8 /* Assets.xcassets in Resources */,
				847F9CD71F5A9EF90015FBC8 /* Main.storyboard in Resources */,
			);
			runOnlyForDeploymentPostprocessing = 0;
		};
/* End PBXResourcesBuildPhase section */

/* Begin PBXSourcesBuildPhase section */
		847F9CC51F5A9EF90015FBC8 /* Sources */ = {
			isa = PBXSourcesBuildPhase;
			buildActionMask = 2147483647;
			files = (
				843863FB1F601938000D8749 /* LineViewAndProgressViewController.m in Sources */,
				843863F91F601937000D8749 /* LineCenterViewController.m in Sources */,
				847F9D161F5AA08E0015FBC8 /* ECBrokenLineCollectionViewCell.m in Sources */,
				847F9D111F5AA08E0015FBC8 /* ECBarCollectionViewCell.m in Sources */,
				847F9D181F5AA08E0015FBC8 /* ECBrokenLineConfig.m in Sources */,
				843863FD1F601938000D8749 /* ProgressViewController.m in Sources */,
				847F9D1F1F5AA08E0015FBC8 /* ECPieChartModel.m in Sources */,
				847F9D191F5AA08E0015FBC8 /* ECBrokenLineNormalBackgroundView.m in Sources */,
				847F9D101F5AA08E0015FBC8 /* ECBarCollectionView.m in Sources */,
				847F9D131F5AA08E0015FBC8 /* ECBrokenLineCenterCollectionView.m in Sources */,
				84D323411F629852009A0A67 /* ECBarChartView.m in Sources */,
				847F9D1E1F5AA08E0015FBC8 /* ECPieChartLineView.m in Sources */,
				843863FC1F601938000D8749 /* PieChartViewController.m in Sources */,
				847F9D1B1F5AA08E0015FBC8 /* ECBrokenLinePointModel.m in Sources */,
				847F9D121F5AA08E0015FBC8 /* ECBrokenLineCenterBackgroundView.m in Sources */,
				847F9D201F5AA08E0015FBC8 /* ECPieChartView.m in Sources */,
				847F9D141F5AA08E0015FBC8 /* ECBrokenLineCircleLayer.m in Sources */,
				847F9D1D1F5AA08E0015FBC8 /* ECPieChartCoreView.m in Sources */,
				847F9D1C1F5AA08E0015FBC8 /* ECBrokenLineView.m in Sources */,
				847F9D211F5AA08E0015FBC8 /* ECProgressChartView.m in Sources */,
				847F9CD41F5A9EF90015FBC8 /* ViewController.m in Sources */,
				843863FA1F601937000D8749 /* LineNormalViewController.m in Sources */,
				847F9D151F5AA08E0015FBC8 /* ECBrokenLineCollectionView.m in Sources */,
				847F9CD11F5A9EF90015FBC8 /* AppDelegate.m in Sources */,
				847F9D1A1F5AA08E0015FBC8 /* ECBrokenLineNormalCollectionView.m in Sources */,
				847F9CCE1F5A9EF90015FBC8 /* main.m in Sources */,
				84D3233E1F6296EA009A0A67 /* BarChartViewController.m in Sources */,
			);
			runOnlyForDeploymentPostprocessing = 0;
		};
/* End PBXSourcesBuildPhase section */

/* Begin PBXVariantGroup section */
		847F9CD51F5A9EF90015FBC8 /* Main.storyboard */ = {
			isa = PBXVariantGroup;
			children = (
				847F9CD61F5A9EF90015FBC8 /* Base */,
			);
			name = Main.storyboard;
			sourceTree = "<group>";
		};
		847F9CDA1F5A9EF90015FBC8 /* LaunchScreen.storyboard */ = {
			isa = PBXVariantGroup;
			children = (
				847F9CDB1F5A9EF90015FBC8 /* Base */,
			);
			name = LaunchScreen.storyboard;
			sourceTree = "<group>";
		};
/* End PBXVariantGroup section */

/* Begin XCBuildConfiguration section */
		847F9CDE1F5A9EF90015FBC8 /* Debug */ = {
			isa = XCBuildConfiguration;
			buildSettings = {
				ALWAYS_SEARCH_USER_PATHS = NO;
				CLANG_ANALYZER_NONNULL = YES;
				CLANG_ANALYZER_NUMBER_OBJECT_CONVERSION = YES_AGGRESSIVE;
				CLANG_CXX_LANGUAGE_STANDARD = "gnu++0x";
				CLANG_CXX_LIBRARY = "libc++";
				CLANG_ENABLE_MODULES = YES;
				CLANG_ENABLE_OBJC_ARC = YES;
				CLANG_WARN_BOOL_CONVERSION = YES;
				CLANG_WARN_CONSTANT_CONVERSION = YES;
				CLANG_WARN_DIRECT_OBJC_ISA_USAGE = YES_ERROR;
				CLANG_WARN_DOCUMENTATION_COMMENTS = YES;
				CLANG_WARN_EMPTY_BODY = YES;
				CLANG_WARN_ENUM_CONVERSION = YES;
				CLANG_WARN_INFINITE_RECURSION = YES;
				CLANG_WARN_INT_CONVERSION = YES;
				CLANG_WARN_OBJC_ROOT_CLASS = YES_ERROR;
				CLANG_WARN_SUSPICIOUS_MOVE = YES;
				CLANG_WARN_UNREACHABLE_CODE = YES;
				CLANG_WARN__DUPLICATE_METHOD_MATCH = YES;
				"CODE_SIGN_IDENTITY[sdk=iphoneos*]" = "iPhone Developer";
				COPY_PHASE_STRIP = NO;
				DEBUG_INFORMATION_FORMAT = dwarf;
				ENABLE_STRICT_OBJC_MSGSEND = YES;
				ENABLE_TESTABILITY = YES;
				GCC_C_LANGUAGE_STANDARD = gnu99;
				GCC_DYNAMIC_NO_PIC = NO;
				GCC_NO_COMMON_BLOCKS = YES;
				GCC_OPTIMIZATION_LEVEL = 0;
				GCC_PREPROCESSOR_DEFINITIONS = (
					"DEBUG=1",
					"$(inherited)",
				);
				GCC_WARN_64_TO_32_BIT_CONVERSION = YES;
				GCC_WARN_ABOUT_RETURN_TYPE = YES_ERROR;
				GCC_WARN_UNDECLARED_SELECTOR = YES;
				GCC_WARN_UNINITIALIZED_AUTOS = YES_AGGRESSIVE;
				GCC_WARN_UNUSED_FUNCTION = YES;
				GCC_WARN_UNUSED_VARIABLE = YES;
				IPHONEOS_DEPLOYMENT_TARGET = 10.3;
				MTL_ENABLE_DEBUG_INFO = YES;
				ONLY_ACTIVE_ARCH = YES;
				SDKROOT = iphoneos;
			};
			name = Debug;
		};
		847F9CDF1F5A9EF90015FBC8 /* Release */ = {
			isa = XCBuildConfiguration;
			buildSettings = {
				ALWAYS_SEARCH_USER_PATHS = NO;
				CLANG_ANALYZER_NONNULL = YES;
				CLANG_ANALYZER_NUMBER_OBJECT_CONVERSION = YES_AGGRESSIVE;
				CLANG_CXX_LANGUAGE_STANDARD = "gnu++0x";
				CLANG_CXX_LIBRARY = "libc++";
				CLANG_ENABLE_MODULES = YES;
				CLANG_ENABLE_OBJC_ARC = YES;
				CLANG_WARN_BOOL_CONVERSION = YES;
				CLANG_WARN_CONSTANT_CONVERSION = YES;
				CLANG_WARN_DIRECT_OBJC_ISA_USAGE = YES_ERROR;
				CLANG_WARN_DOCUMENTATION_COMMENTS = YES;
				CLANG_WARN_EMPTY_BODY = YES;
				CLANG_WARN_ENUM_CONVERSION = YES;
				CLANG_WARN_INFINITE_RECURSION = YES;
				CLANG_WARN_INT_CONVERSION = YES;
				CLANG_WARN_OBJC_ROOT_CLASS = YES_ERROR;
				CLANG_WARN_SUSPICIOUS_MOVE = YES;
				CLANG_WARN_UNREACHABLE_CODE = YES;
				CLANG_WARN__DUPLICATE_METHOD_MATCH = YES;
				"CODE_SIGN_IDENTITY[sdk=iphoneos*]" = "iPhone Developer";
				COPY_PHASE_STRIP = NO;
				DEBUG_INFORMATION_FORMAT = "dwarf-with-dsym";
				ENABLE_NS_ASSERTIONS = NO;
				ENABLE_STRICT_OBJC_MSGSEND = YES;
				GCC_C_LANGUAGE_STANDARD = gnu99;
				GCC_NO_COMMON_BLOCKS = YES;
				GCC_WARN_64_TO_32_BIT_CONVERSION = YES;
				GCC_WARN_ABOUT_RETURN_TYPE = YES_ERROR;
				GCC_WARN_UNDECLARED_SELECTOR = YES;
				GCC_WARN_UNINITIALIZED_AUTOS = YES_AGGRESSIVE;
				GCC_WARN_UNUSED_FUNCTION = YES;
				GCC_WARN_UNUSED_VARIABLE = YES;
				IPHONEOS_DEPLOYMENT_TARGET = 10.3;
				MTL_ENABLE_DEBUG_INFO = NO;
				SDKROOT = iphoneos;
				VALIDATE_PRODUCT = YES;
			};
			name = Release;
		};
		847F9CE11F5A9EF90015FBC8 /* Debug */ = {
			isa = XCBuildConfiguration;
			buildSettings = {
				ASSETCATALOG_COMPILER_APPICON_NAME = AppIcon;
				"CODE_SIGN_IDENTITY[sdk=iphoneos*]" = "iPhone Developer";
				DEVELOPMENT_TEAM = "";
				INFOPLIST_FILE = Examples/Info.plist;
				IPHONEOS_DEPLOYMENT_TARGET = 8.0;
				LD_RUNPATH_SEARCH_PATHS = "$(inherited) @executable_path/Frameworks";
				PRODUCT_BUNDLE_IDENTIFIER = com.yjSong.www;
				PRODUCT_NAME = "$(TARGET_NAME)";
				PROVISIONING_PROFILE_SPECIFIER = "";
			};
			name = Debug;
		};
		847F9CE21F5A9EF90015FBC8 /* Release */ = {
			isa = XCBuildConfiguration;
			buildSettings = {
				ASSETCATALOG_COMPILER_APPICON_NAME = AppIcon;
				"CODE_SIGN_IDENTITY[sdk=iphoneos*]" = "iPhone Developer";
				DEVELOPMENT_TEAM = "";
				INFOPLIST_FILE = Examples/Info.plist;
				IPHONEOS_DEPLOYMENT_TARGET = 8.0;
				LD_RUNPATH_SEARCH_PATHS = "$(inherited) @executable_path/Frameworks";
				PRODUCT_BUNDLE_IDENTIFIER = com.yjSong.www;
				PRODUCT_NAME = "$(TARGET_NAME)";
				PROVISIONING_PROFILE_SPECIFIER = "";
			};
			name = Release;
		};
/* End XCBuildConfiguration section */

/* Begin XCConfigurationList section */
		847F9CC41F5A9EF90015FBC8 /* Build configuration list for PBXProject "Examples" */ = {
			isa = XCConfigurationList;
			buildConfigurations = (
				847F9CDE1F5A9EF90015FBC8 /* Debug */,
				847F9CDF1F5A9EF90015FBC8 /* Release */,
			);
			defaultConfigurationIsVisible = 0;
			defaultConfigurationName = Release;
		};
		847F9CE01F5A9EF90015FBC8 /* Build configuration list for PBXNativeTarget "Examples" */ = {
			isa = XCConfigurationList;
			buildConfigurations = (
				847F9CE11F5A9EF90015FBC8 /* Debug */,
				847F9CE21F5A9EF90015FBC8 /* Release */,
			);
			defaultConfigurationIsVisible = 0;
			defaultConfigurationName = Release;
		};
/* End XCConfigurationList section */
	};
	rootObject = 847F9CC11F5A9EF90015FBC8 /* Project object */;
}
